
Microsoft Visual Studio Solution File, Format Version 12.00
# Visual Studio Version 17
VisualStudioVersion = 17.4.33213.308
MinimumVisualStudioVersion = 10.0.40219.1
Project("{FAE04EC0-301F-11D3-BF4B-00C04F79EFBC}") = "Emprestimo de Livro", "Emprestimo de Livro\Emprestimo de Livro.csproj", "{384E975E-31AA-4AC0-A169-149DCFD90619}"
EndProject
Global
	GlobalSection(SolutionConfigurationPlatforms) = preSolution
		Debug|Any CPU = Debug|Any CPU
		Release|Any CPU = Release|Any CPU
	EndGlobalSection
	GlobalSection(ProjectConfigurationPlatforms) = postSolution
		{384E975E-31AA-4AC0-A169-149DCFD90619}.Debug|Any CPU.ActiveCfg = Debug|Any CPU
		{384E975E-31AA-4AC0-A169-149DCFD90619}.Debug|Any CPU.Build.0 = Debug|Any CPU
		{384E975E-31AA-4AC0-A169-149DCFD90619}.Release|Any CPU.ActiveCfg = Release|Any CPU
		{384E975E-31AA-4AC0-A169-149DCFD90619}.Release|Any CPU.Build.0 = Release|Any CPU
	EndGlobalSection
	GlobalSection(SolutionProperties) = preSolution
		HideSolutionNode = FALSE
	EndGlobalSection
	GlobalSection(ExtensibilityGlobals) = postSolution
		SolutionGuid = {D192E8F9-C5F6-4DB0-A67E-6764911A8EFE}
	EndGlobalSection
EndGlobal
